
Microsoft Visual Studio Solution File, Format Version 12.00
# Visual Studio 15
VisualStudioVersion = 15.0.28307.329
MinimumVisualStudioVersion = 10.0.40219.1
Project("{FAE04EC0-301F-11D3-BF4B-00C04F79EFBC}") = "Form.PhoneWordApp.Android", "Form.PhoneWordApp\Form.PhoneWordApp.Android\Form.PhoneWordApp.Android.csproj", "{82323DBA-78FC-4F2E-9AEB-7DFEAF580E89}"
EndProject
Project("{FAE04EC0-301F-11D3-BF4B-00C04F79EFBC}") = "Form.PhoneWordApp.iOS", "Form.PhoneWordApp\Form.PhoneWordApp.iOS\Form.PhoneWordApp.iOS.csproj", "{5E148B2C-1F23-49B8-B513-F8DCC8A23C3D}"
EndProject
Project("{FAE04EC0-301F-11D3-BF4B-00C04F79EFBC}") = "Form.PhoneWordApp", "Form.PhoneWordApp\Form.PhoneWordApp\Form.PhoneWordApp.csproj", "{F918F27B-57DC-4D83-887B-1126F2ECEBB3}"
EndProject
Global
	GlobalSection(SolutionConfigurationPlatforms) = preSolution
		Ad-Hoc|Any CPU = Ad-Hoc|Any CPU
		Ad-Hoc|iPhone = Ad-Hoc|iPhone
		Ad-Hoc|iPhoneSimulator = Ad-Hoc|iPhoneSimulator
		AppStore|Any CPU = AppStore|Any CPU
		AppStore|iPhone = AppStore|iPhone
		AppStore|iPhoneSimulator = AppStore|iPhoneSimulator
		Debug|Any CPU = Debug|Any CPU
		Debug|iPhone = Debug|iPhone
		Debug|iPhoneSimulator = Debug|iPhoneSimulator
		Release|Any CPU = Release|Any CPU
		Release|iPhone = Release|iPhone
		Release|iPhoneSimulator = Release|iPhoneSimulator
	EndGlobalSection
	GlobalSection(ProjectConfigurationPlatforms) = postSolution
		{82323DBA-78FC-4F2E-9AEB-7DFEAF580E89}.Ad-Hoc|Any CPU.ActiveCfg = Release|Any CPU
		{82323DBA-78FC-4F2E-9AEB-7DFEAF580E89}.Ad-Hoc|Any CPU.Build.0 = Release|Any CPU
		{82323DBA-78FC-4F2E-9AEB-7DFEAF580E89}.Ad-Hoc|Any CPU.Deploy.0 = Release|Any CPU
		{82323DBA-78FC-4F2E-9AEB-7DFEAF580E89}.Ad-Hoc|iPhone.ActiveCfg = Release|Any CPU
		{82323DBA-78FC-4F2E-9AEB-7DFEAF580E89}.Ad-Hoc|iPhone.Build.0 = Release|Any CPU
		{82323DBA-78FC-4F2E-9AEB-7DFEAF580E89}.Ad-Hoc|iPhone.Deploy.0 = Release|Any CPU
		{82323DBA-78FC-4F2E-9AEB-7DFEAF580E89}.Ad-Hoc|iPhoneSimulator.ActiveCfg = Release|Any CPU
		{82323DBA-78FC-4F2E-9AEB-7DFEAF580E89}.Ad-Hoc|iPhoneSimulator.Build.0 = Release|Any CPU
		{82323DBA-78FC-4F2E-9AEB-7DFEAF580E89}.Ad-Hoc|iPhoneSimulator.Deploy.0 = Release|Any CPU
		{82323DBA-78FC-4F2E-9AEB-7DFEAF580E89}.AppStore|Any CPU.ActiveCfg = Release|Any CPU
		{82323DBA-78FC-4F2E-9AEB-7DFEAF580E89}.AppStore|Any CPU.Build.0 = Release|Any CPU
		{82323DBA-78FC-4F2E-9AEB-7DFEAF580E89}.AppStore|Any CPU.Deploy.0 = Release|Any CPU
		{82323DBA-78FC-4F2E-9AEB-7DFEAF580E89}.AppStore|iPhone.ActiveCfg = Release|Any CPU
		{82323DBA-78FC-4F2E-9AEB-7DFEAF580E89}.AppStore|iPhone.Build.0 = Release|Any CPU
		{82323DBA-78FC-4F2E-9AEB-7DFEAF580E89}.AppStore|iPhone.Deploy.0 = Release|Any CPU
		{82323DBA-78FC-4F2E-9AEB-7DFEAF580E89}.AppStore|iPhoneSimulator.ActiveCfg = Release|Any CPU
		{82323DBA-78FC-4F2E-9AEB-7DFEAF580E89}.AppStore|iPhoneSimulator.Build.0 = Release|Any CPU
		{82323DBA-78FC-4F2E-9AEB-7DFEAF580E89}.AppStore|iPhoneSimulator.Deploy.0 = Release|Any CPU
		{82323DBA-78FC-4F2E-9AEB-7DFEAF580E89}.Debug|Any CPU.ActiveCfg = Debug|Any CPU
		{82323DBA-78FC-4F2E-9AEB-7DFEAF580E89}.Debug|Any CPU.Build.0 = Debug|Any CPU
		{82323DBA-78FC-4F2E-9AEB-7DFEAF580E89}.Debug|Any CPU.Deploy.0 = Debug|Any CPU
		{82323DBA-78FC-4F2E-9AEB-7DFEAF580E89}.Debug|iPhone.ActiveCfg = Debug|Any CPU
		{82323DBA-78FC-4F2E-9AEB-7DFEAF580E89}.Debug|iPhone.Build.0 = Debug|Any CPU
		{82323DBA-78FC-4F2E-9AEB-7DFEAF580E89}.Debug|iPhone.Deploy.0 = Debug|Any CPU
		{82323DBA-78FC-4F2E-9AEB-7DFEAF580E89}.Debug|iPhoneSimulator.ActiveCfg = Debug|Any CPU
		{82323DBA-78FC-4F2E-9AEB-7DFEAF580E89}.Debug|iPhoneSimulator.Build.0 = Debug|Any CPU
		{82323DBA-78FC-4F2E-9AEB-7DFEAF580E89}.Debug|iPhoneSimulator.Deploy.0 = Debug|Any CPU
		{82323DBA-78FC-4F2E-9AEB-7DFEAF580E89}.Release|Any CPU.ActiveCfg = Release|Any CPU
		{82323DBA-78FC-4F2E-9AEB-7DFEAF580E89}.Release|Any CPU.Build.0 = Release|Any CPU
		{82323DBA-78FC-4F2E-9AEB-7DFEAF580E89}.Release|Any CPU.Deploy.0 = Release|Any CPU
		{82323DBA-78FC-4F2E-9AEB-7DFEAF580E89}.Release|iPhone.ActiveCfg = Release|Any CPU
		{82323DBA-78FC-4F2E-9AEB-7DFEAF580E89}.Release|iPhone.Build.0 = Release|Any CPU
		{82323DBA-78FC-4F2E-9AEB-7DFEAF580E89}.Release|iPhone.Deploy.0 = Release|Any CPU
		{82323DBA-78FC-4F2E-9AEB-7DFEAF580E89}.Release|iPhoneSimulator.ActiveCfg = Release|Any CPU
		{82323DBA-78FC-4F2E-9AEB-7DFEAF580E89}.Release|iPhoneSimulator.Build.0 = Release|Any CPU
		{82323DBA-78FC-4F2E-9AEB-7DFEAF580E89}.Release|iPhoneSimulator.Deploy.0 = Release|Any CPU
		{5E148B2C-1F23-49B8-B513-F8DCC8A23C3D}.Ad-Hoc|Any CPU.ActiveCfg = Ad-Hoc|iPhone
		{5E148B2C-1F23-49B8-B513-F8DCC8A23C3D}.Ad-Hoc|Any CPU.Build.0 = Ad-Hoc|iPhone
		{5E148B2C-1F23-49B8-B513-F8DCC8A23C3D}.Ad-Hoc|Any CPU.Deploy.0 = Ad-Hoc|iPhone
		{5E148B2C-1F23-49B8-B513-F8DCC8A23C3D}.Ad-Hoc|iPhone.ActiveCfg = Ad-Hoc|iPhone
		{5E148B2C-1F23-49B8-B513-F8DCC8A23C3D}.Ad-Hoc|iPhone.Build.0 = Ad-Hoc|iPhone
		{5E148B2C-1F23-49B8-B513-F8DCC8A23C3D}.Ad-Hoc|iPhone.Deploy.0 = Ad-Hoc|iPhone
		{5E148B2C-1F23-49B8-B513-F8DCC8A23C3D}.Ad-Hoc|iPhoneSimulator.ActiveCfg = Ad-Hoc|iPhoneSimulator
		{5E148B2C-1F23-49B8-B513-F8DCC8A23C3D}.Ad-Hoc|iPhoneSimulator.Build.0 = Ad-Hoc|iPhoneSimulator
		{5E148B2C-1F23-49B8-B513-F8DCC8A23C3D}.Ad-Hoc|iPhoneSimulator.Deploy.0 = Ad-Hoc|iPhoneSimulator
		{5E148B2C-1F23-49B8-B513-F8DCC8A23C3D}.AppStore|Any CPU.ActiveCfg = AppStore|iPhone
		{5E148B2C-1F23-49B8-B513-F8DCC8A23C3D}.AppStore|Any CPU.Build.0 = AppStore|iPhone
		{5E148B2C-1F23-49B8-B513-F8DCC8A23C3D}.AppStore|Any CPU.Deploy.0 = AppStore|iPhone
		{5E148B2C-1F23-49B8-B513-F8DCC8A23C3D}.AppStore|iPhone.ActiveCfg = AppStore|iPhone
		{5E148B2C-1F23-49B8-B513-F8DCC8A23C3D}.AppStore|iPhone.Build.0 = AppStore|iPhone
		{5E148B2C-1F23-49B8-B513-F8DCC8A23C3D}.AppStore|iPhone.Deploy.0 = AppStore|iPhone
		{5E148B2C-1F23-49B8-B513-F8DCC8A23C3D}.AppStore|iPhoneSimulator.ActiveCfg = AppStore|iPhoneSimulator
		{5E148B2C-1F23-49B8-B513-F8DCC8A23C3D}.AppStore|iPhoneSimulator.Build.0 = AppStore|iPhoneSimulator
		{5E148B2C-1F23-49B8-B513-F8DCC8A23C3D}.AppStore|iPhoneSimulator.Deploy.0 = AppStore|iPhoneSimulator
		{5E148B2C-1F23-49B8-B513-F8DCC8A23C3D}.Debug|Any CPU.ActiveCfg = Debug|iPhoneSimulator
		{5E148B2C-1F23-49B8-B513-F8DCC8A23C3D}.Debug|Any CPU.Build.0 = Debug|iPhoneSimulator
		{5E148B2C-1F23-49B8-B513-F8DCC8A23C3D}.Debug|Any CPU.Deploy.0 = Debug|iPhoneSimulator
		{5E148B2C-1F23-49B8-B513-F8DCC8A23C3D}.Debug|iPhone.ActiveCfg = Debug|iPhone
		{5E148B2C-1F23-49B8-B513-F8DCC8A23C3D}.Debug|iPhone.Build.0 = Debug|iPhone
		{5E148B2C-1F23-49B8-B513-F8DCC8A23C3D}.Debug|iPhone.Deploy.0 = Debug|iPhone
		{5E148B2C-1F23-49B8-B513-F8DCC8A23C3D}.Debug|iPhoneSimulator.ActiveCfg = Debug|iPhoneSimulator
		{5E148B2C-1F23-49B8-B513-F8DCC8A23C3D}.Debug|iPhoneSimulator.Build.0 = Debug|iPhoneSimulator
		{5E148B2C-1F23-49B8-B513-F8DCC8A23C3D}.Debug|iPhoneSimulator.Deploy.0 = Debug|iPhoneSimulator
		{5E148B2C-1F23-49B8-B513-F8DCC8A23C3D}.Release|Any CPU.ActiveCfg = Release|iPhone
		{5E148B2C-1F23-49B8-B513-F8DCC8A23C3D}.Release|Any CPU.Build.0 = Release|iPhone
		{5E148B2C-1F23-49B8-B513-F8DCC8A23C3D}.Release|Any CPU.Deploy.0 = Release|iPhone
		{5E148B2C-1F23-49B8-B513-F8DCC8A23C3D}.Release|iPhone.ActiveCfg = Release|iPhone
		{5E148B2C-1F23-49B8-B513-F8DCC8A23C3D}.Release|iPhone.Build.0 = Release|iPhone
		{5E148B2C-1F23-49B8-B513-F8DCC8A23C3D}.Release|iPhone.Deploy.0 = Release|iPhone
		{5E148B2C-1F23-49B8-B513-F8DCC8A23C3D}.Release|iPhoneSimulator.ActiveCfg = Release|iPhoneSimulator
		{5E148B2C-1F23-49B8-B513-F8DCC8A23C3D}.Release|iPhoneSimulator.Build.0 = Release|iPhoneSimulator
		{5E148B2C-1F23-49B8-B513-F8DCC8A23C3D}.Release|iPhoneSimulator.Deploy.0 = Release|iPhoneSimulator
		{F918F27B-57DC-4D83-887B-1126F2ECEBB3}.Ad-Hoc|Any CPU.ActiveCfg = Debug|Any CPU
		{F918F27B-57DC-4D83-887B-1126F2ECEBB3}.Ad-Hoc|Any CPU.Build.0 = Debug|Any CPU
		{F918F27B-57DC-4D83-887B-1126F2ECEBB3}.Ad-Hoc|Any CPU.Deploy.0 = Debug|Any CPU
		{F918F27B-57DC-4D83-887B-1126F2ECEBB3}.Ad-Hoc|iPhone.ActiveCfg = Debug|Any CPU
		{F918F27B-57DC-4D83-887B-1126F2ECEBB3}.Ad-Hoc|iPhone.Build.0 = Debug|Any CPU
		{F918F27B-57DC-4D83-887B-1126F2ECEBB3}.Ad-Hoc|iPhone.Deploy.0 = Debug|Any CPU
		{F918F27B-57DC-4D83-887B-1126F2ECEBB3}.Ad-Hoc|iPhoneSimulator.ActiveCfg = Debug|Any CPU
		{F918F27B-57DC-4D83-887B-1126F2ECEBB3}.Ad-Hoc|iPhoneSimulator.Build.0 = Debug|Any CPU
		{F918F27B-57DC-4D83-887B-1126F2ECEBB3}.Ad-Hoc|iPhoneSimulator.Deploy.0 = Debug|Any CPU
		{F918F27B-57DC-4D83-887B-1126F2ECEBB3}.AppStore|Any CPU.ActiveCfg = Debug|Any CPU
		{F918F27B-57DC-4D83-887B-1126F2ECEBB3}.AppStore|Any CPU.Build.0 = Debug|Any CPU
		{F918F27B-57DC-4D83-887B-1126F2ECEBB3}.AppStore|Any CPU.Deploy.0 = Debug|Any CPU
		{F918F27B-57DC-4D83-887B-1126F2ECEBB3}.AppStore|iPhone.ActiveCfg = Debug|Any CPU
		{F918F27B-57DC-4D83-887B-1126F2ECEBB3}.AppStore|iPhone.Build.0 = Debug|Any CPU
		{F918F27B-57DC-4D83-887B-1126F2ECEBB3}.AppStore|iPhone.Deploy.0 = Debug|Any CPU
		{F918F27B-57DC-4D83-887B-1126F2ECEBB3}.AppStore|iPhoneSimulator.ActiveCfg = Debug|Any CPU
		{F918F27B-57DC-4D83-887B-1126F2ECEBB3}.AppStore|iPhoneSimulator.Build.0 = Debug|Any CPU
		{F918F27B-57DC-4D83-887B-1126F2ECEBB3}.AppStore|iPhoneSimulator.Deploy.0 = Debug|Any CPU
		{F918F27B-57DC-4D83-887B-1126F2ECEBB3}.Debug|Any CPU.ActiveCfg = Debug|Any CPU
		{F918F27B-57DC-4D83-887B-1126F2ECEBB3}.Debug|Any CPU.Build.0 = Debug|Any CPU
		{F918F27B-57DC-4D83-887B-1126F2ECEBB3}.Debug|Any CPU.Deploy.0 = Debug|Any CPU
		{F918F27B-57DC-4D83-887B-1126F2ECEBB3}.Debug|iPhone.ActiveCfg = Debug|Any CPU
		{F918F27B-57DC-4D83-887B-1126F2ECEBB3}.Debug|iPhone.Build.0 = Debug|Any CPU
		{F918F27B-57DC-4D83-887B-1126F2ECEBB3}.Debug|iPhone.Deploy.0 = Debug|Any CPU
		{F918F27B-57DC-4D83-887B-1126F2ECEBB3}.Debug|iPhoneSimulator.ActiveCfg = Debug|Any CPU
		{F918F27B-57DC-4D83-887B-1126F2ECEBB3}.Debug|iPhoneSimulator.Build.0 = Debug|Any CPU
		{F918F27B-57DC-4D83-887B-1126F2ECEBB3}.Debug|iPhoneSimulator.Deploy.0 = Debug|Any CPU
		{F918F27B-57DC-4D83-887B-1126F2ECEBB3}.Release|Any CPU.ActiveCfg = Release|Any CPU
		{F918F27B-57DC-4D83-887B-1126F2ECEBB3}.Release|Any CPU.Build.0 = Release|Any CPU
		{F918F27B-57DC-4D83-887B-1126F2ECEBB3}.Release|Any CPU.Deploy.0 = Release|Any CPU
		{F918F27B-57DC-4D83-887B-1126F2ECEBB3}.Release|iPhone.ActiveCfg = Release|Any CPU
		{F918F27B-57DC-4D83-887B-1126F2ECEBB3}.Release|iPhone.Build.0 = Release|Any CPU
		{F918F27B-57DC-4D83-887B-1126F2ECEBB3}.Release|iPhone.Deploy.0 = Release|Any CPU
		{F918F27B-57DC-4D83-887B-1126F2ECEBB3}.Release|iPhoneSimulator.ActiveCfg = Release|Any CPU
		{F918F27B-57DC-4D83-887B-1126F2ECEBB3}.Release|iPhoneSimulator.Build.0 = Release|Any CPU
		{F918F27B-57DC-4D83-887B-1126F2ECEBB3}.Release|iPhoneSimulator.Deploy.0 = Release|Any CPU
	EndGlobalSection
	GlobalSection(SolutionProperties) = preSolution
		HideSolutionNode = FALSE
	EndGlobalSection
	GlobalSection(ExtensibilityGlobals) = postSolution
		SolutionGuid = {BEF0B63D-BE75-4F75-8F23-001D0760CE41}
	EndGlobalSection
EndGlobal
